
Microsoft Visual Studio Solution File, Format Version 12.00
# Visual Studio Version 17
VisualStudioVersion = 17.9.34622.214
MinimumVisualStudioVersion = 10.0.40219.1
Project("{2150E333-8FDC-42A3-9474-1A3956D46DE8}") = "Solution Items", "Solution Items", "{B6480910-BD23-4DC8-990C-E256A80196D2}"
	ProjectSection(SolutionItems) = preProject
		connector.json = connector.json
		docker-compose.yaml = docker-compose.yaml
		user-connector.json = user-connector.json
	EndProjectSection
EndProject
Project("{9A19103F-16F7-4668-BE54-9A1E7A4F7556}") = "Chirp.Application", "Chirp\Chirp.Application\Chirp.Application.csproj", "{6F8DBD0D-C690-48F4-B438-C63673ABA796}"
EndProject
Project("{9A19103F-16F7-4668-BE54-9A1E7A4F7556}") = "Chirp.Domain", "Chirp\Chirp.Domain\Chirp.Domain.csproj", "{3B58849F-B768-41AC-996B-74C675958C81}"
EndProject
Project("{9A19103F-16F7-4668-BE54-9A1E7A4F7556}") = "Chirp.Infrastructure", "Chirp\Chirp.Infrastructure\Chirp.Infrastructure.csproj", "{E745743A-8E07-4184-90C0-943E2115A51C}"
EndProject
Project("{9A19103F-16F7-4668-BE54-9A1E7A4F7556}") = "Chirp.Presentation", "Chirp\Chirp.Presentation\Chirp.Presentation.csproj", "{8364B0AC-D62B-417D-8406-73A55DEF0693}"
EndProject
Global
	GlobalSection(SolutionConfigurationPlatforms) = preSolution
		Debug|Any CPU = Debug|Any CPU
		Release|Any CPU = Release|Any CPU
	EndGlobalSection
	GlobalSection(ProjectConfigurationPlatforms) = postSolution
		{6F8DBD0D-C690-48F4-B438-C63673ABA796}.Debug|Any CPU.ActiveCfg = Debug|Any CPU
		{6F8DBD0D-C690-48F4-B438-C63673ABA796}.Debug|Any CPU.Build.0 = Debug|Any CPU
		{6F8DBD0D-C690-48F4-B438-C63673ABA796}.Release|Any CPU.ActiveCfg = Release|Any CPU
		{6F8DBD0D-C690-48F4-B438-C63673ABA796}.Release|Any CPU.Build.0 = Release|Any CPU
		{3B58849F-B768-41AC-996B-74C675958C81}.Debug|Any CPU.ActiveCfg = Debug|Any CPU
		{3B58849F-B768-41AC-996B-74C675958C81}.Debug|Any CPU.Build.0 = Debug|Any CPU
		{3B58849F-B768-41AC-996B-74C675958C81}.Release|Any CPU.ActiveCfg = Release|Any CPU
		{3B58849F-B768-41AC-996B-74C675958C81}.Release|Any CPU.Build.0 = Release|Any CPU
		{E745743A-8E07-4184-90C0-943E2115A51C}.Debug|Any CPU.ActiveCfg = Debug|Any CPU
		{E745743A-8E07-4184-90C0-943E2115A51C}.Debug|Any CPU.Build.0 = Debug|Any CPU
		{E745743A-8E07-4184-90C0-943E2115A51C}.Release|Any CPU.ActiveCfg = Release|Any CPU
		{E745743A-8E07-4184-90C0-943E2115A51C}.Release|Any CPU.Build.0 = Release|Any CPU
		{8364B0AC-D62B-417D-8406-73A55DEF0693}.Debug|Any CPU.ActiveCfg = Debug|Any CPU
		{8364B0AC-D62B-417D-8406-73A55DEF0693}.Debug|Any CPU.Build.0 = Debug|Any CPU
		{8364B0AC-D62B-417D-8406-73A55DEF0693}.Release|Any CPU.ActiveCfg = Release|Any CPU
		{8364B0AC-D62B-417D-8406-73A55DEF0693}.Release|Any CPU.Build.0 = Release|Any CPU
	EndGlobalSection
	GlobalSection(SolutionProperties) = preSolution
		HideSolutionNode = FALSE
	EndGlobalSection
	GlobalSection(ExtensibilityGlobals) = postSolution
		SolutionGuid = {2A62682B-13F6-4B4E-B4C4-4C041E66F204}
	EndGlobalSection
EndGlobal
